// !$*UTF8*$!
{
	archiveVersion = 1;
	classes = {
	};
	objectVersion = 46;
	objects = {

/* Begin PBXBuildFile section */
		085C0C4EAFC03537F2DCAD5C /* Pods_JavaPop.framework in Frameworks */ = {isa = PBXBuildFile; fileRef = AAFBB3BFBDD3847B6E4632A8 /* Pods_JavaPop.framework */; };
		E1FCDCD98F3DFFF14A292CA1 /* Pods_JavaPopUITests.framework in Frameworks */ = {isa = PBXBuildFile; fileRef = 707FBD600E8595CF9F837917 /* Pods_JavaPopUITests.framework */; };
		E373B10940E1F581CFB65652 /* Pods_JavaPopTests.framework in Frameworks */ = {isa = PBXBuildFile; fileRef = 00E1C4B77E57745CCA3D11F6 /* Pods_JavaPopTests.framework */; };
		FC1E237B1E96BE8300EE61A4 /* ViewController.swift in Sources */ = {isa = PBXBuildFile; fileRef = FC1E237A1E96BE8300EE61A4 /* ViewController.swift */; };
		FC1E23811E96BF1500EE61A4 /* LaunchScreen.storyboard in Resources */ = {isa = PBXBuildFile; fileRef = FC1E237D1E96BF1500EE61A4 /* LaunchScreen.storyboard */; };
		FC1E23821E96BF1500EE61A4 /* Main.storyboard in Resources */ = {isa = PBXBuildFile; fileRef = FC1E237F1E96BF1500EE61A4 /* Main.storyboard */; };
		FC1E23861E96C03300EE61A4 /* BaseClient.swift in Sources */ = {isa = PBXBuildFile; fileRef = FC1E23851E96C03300EE61A4 /* BaseClient.swift */; };
		FC1E23891E96C22400EE61A4 /* Endpoint.swift in Sources */ = {isa = PBXBuildFile; fileRef = FC1E23881E96C22400EE61A4 /* Endpoint.swift */; };
		FCC8E0771E95CF8700C302CF /* AppDelegate.swift in Sources */ = {isa = PBXBuildFile; fileRef = FCC8E0761E95CF8700C302CF /* AppDelegate.swift */; };
		FCC8E07E1E95CF8700C302CF /* Assets.xcassets in Resources */ = {isa = PBXBuildFile; fileRef = FCC8E07D1E95CF8700C302CF /* Assets.xcassets */; };
		FCC8E08C1E95CF8700C302CF /* JavaPopTests.swift in Sources */ = {isa = PBXBuildFile; fileRef = FCC8E08B1E95CF8700C302CF /* JavaPopTests.swift */; };
		FCC8E0971E95CF8700C302CF /* JavaPopUITests.swift in Sources */ = {isa = PBXBuildFile; fileRef = FCC8E0961E95CF8700C302CF /* JavaPopUITests.swift */; };
		FCC8E0AA1E95D63B00C302CF /* Repository.swift in Sources */ = {isa = PBXBuildFile; fileRef = FCC8E0A91E95D63B00C302CF /* Repository.swift */; };
		FCC8E0AC1E95D74B00C302CF /* Owner.swift in Sources */ = {isa = PBXBuildFile; fileRef = FCC8E0AB1E95D74B00C302CF /* Owner.swift */; };
		FCC8E0AE1E95DEAF00C302CF /* PullRequest.swift in Sources */ = {isa = PBXBuildFile; fileRef = FCC8E0AD1E95DEAF00C302CF /* PullRequest.swift */; };
/* End PBXBuildFile section */

/* Begin PBXContainerItemProxy section */
		FCC8E0881E95CF8700C302CF /* PBXContainerItemProxy */ = {
			isa = PBXContainerItemProxy;
			containerPortal = FCC8E06B1E95CF8700C302CF /* Project object */;
			proxyType = 1;
			remoteGlobalIDString = FCC8E0721E95CF8700C302CF;
			remoteInfo = JavaPop;
		};
		FCC8E0931E95CF8700C302CF /* PBXContainerItemProxy */ = {
			isa = PBXContainerItemProxy;
			containerPortal = FCC8E06B1E95CF8700C302CF /* Project object */;
			proxyType = 1;
			remoteGlobalIDString = FCC8E0721E95CF8700C302CF;
			remoteInfo = JavaPop;
		};
/* End PBXContainerItemProxy section */

/* Begin PBXFileReference section */
		00E1C4B77E57745CCA3D11F6 /* Pods_JavaPopTests.framework */ = {isa = PBXFileReference; explicitFileType = wrapper.framework; includeInIndex = 0; path = Pods_JavaPopTests.framework; sourceTree = BUILT_PRODUCTS_DIR; };
		448946DB18C90CC5FF1E8623 /* Pods-JavaPopUITests.release.xcconfig */ = {isa = PBXFileReference; includeInIndex = 1; lastKnownFileType = text.xcconfig; name = "Pods-JavaPopUITests.release.xcconfig"; path = "Pods/Target Support Files/Pods-JavaPopUITests/Pods-JavaPopUITests.release.xcconfig"; sourceTree = "<group>"; };
		707FBD600E8595CF9F837917 /* Pods_JavaPopUITests.framework */ = {isa = PBXFileReference; explicitFileType = wrapper.framework; includeInIndex = 0; path = Pods_JavaPopUITests.framework; sourceTree = BUILT_PRODUCTS_DIR; };
		72BBE7CC8C8801ECBCD55A93 /* Pods-JavaPopTests.release.xcconfig */ = {isa = PBXFileReference; includeInIndex = 1; lastKnownFileType = text.xcconfig; name = "Pods-JavaPopTests.release.xcconfig"; path = "Pods/Target Support Files/Pods-JavaPopTests/Pods-JavaPopTests.release.xcconfig"; sourceTree = "<group>"; };
		8916DE24C835897EF719DAD7 /* Pods-JavaPopTests.debug.xcconfig */ = {isa = PBXFileReference; includeInIndex = 1; lastKnownFileType = text.xcconfig; name = "Pods-JavaPopTests.debug.xcconfig"; path = "Pods/Target Support Files/Pods-JavaPopTests/Pods-JavaPopTests.debug.xcconfig"; sourceTree = "<group>"; };
		AAFBB3BFBDD3847B6E4632A8 /* Pods_JavaPop.framework */ = {isa = PBXFileReference; explicitFileType = wrapper.framework; includeInIndex = 0; path = Pods_JavaPop.framework; sourceTree = BUILT_PRODUCTS_DIR; };
		C45DCA6D652641871C06B15D /* Pods-JavaPop.debug.xcconfig */ = {isa = PBXFileReference; includeInIndex = 1; lastKnownFileType = text.xcconfig; name = "Pods-JavaPop.debug.xcconfig"; path = "Pods/Target Support Files/Pods-JavaPop/Pods-JavaPop.debug.xcconfig"; sourceTree = "<group>"; };
		D0FF391F62068FC8BC8F59D5 /* Pods-JavaPopUITests.debug.xcconfig */ = {isa = PBXFileReference; includeInIndex = 1; lastKnownFileType = text.xcconfig; name = "Pods-JavaPopUITests.debug.xcconfig"; path = "Pods/Target Support Files/Pods-JavaPopUITests/Pods-JavaPopUITests.debug.xcconfig"; sourceTree = "<group>"; };
		D1C390663E036D0DD443340D /* Pods-JavaPop.release.xcconfig */ = {isa = PBXFileReference; includeInIndex = 1; lastKnownFileType = text.xcconfig; name = "Pods-JavaPop.release.xcconfig"; path = "Pods/Target Support Files/Pods-JavaPop/Pods-JavaPop.release.xcconfig"; sourceTree = "<group>"; };
		FC1E237A1E96BE8300EE61A4 /* ViewController.swift */ = {isa = PBXFileReference; fileEncoding = 4; lastKnownFileType = sourcecode.swift; path = ViewController.swift; sourceTree = "<group>"; };
		FC1E237E1E96BF1500EE61A4 /* Base */ = {isa = PBXFileReference; lastKnownFileType = file.storyboard; name = Base; path = Base.lproj/LaunchScreen.storyboard; sourceTree = "<group>"; };
		FC1E23801E96BF1500EE61A4 /* Base */ = {isa = PBXFileReference; lastKnownFileType = file.storyboard; name = Base; path = Base.lproj/Main.storyboard; sourceTree = "<group>"; };
		FC1E23851E96C03300EE61A4 /* BaseClient.swift */ = {isa = PBXFileReference; fileEncoding = 4; lastKnownFileType = sourcecode.swift; path = BaseClient.swift; sourceTree = "<group>"; };
		FC1E23881E96C22400EE61A4 /* Endpoint.swift */ = {isa = PBXFileReference; fileEncoding = 4; lastKnownFileType = sourcecode.swift; path = Endpoint.swift; sourceTree = "<group>"; };
		FCC8E0731E95CF8700C302CF /* JavaPop.app */ = {isa = PBXFileReference; explicitFileType = wrapper.application; includeInIndex = 0; path = JavaPop.app; sourceTree = BUILT_PRODUCTS_DIR; };
		FCC8E0761E95CF8700C302CF /* AppDelegate.swift */ = {isa = PBXFileReference; lastKnownFileType = sourcecode.swift; path = AppDelegate.swift; sourceTree = "<group>"; };
		FCC8E07D1E95CF8700C302CF /* Assets.xcassets */ = {isa = PBXFileReference; lastKnownFileType = folder.assetcatalog; path = Assets.xcassets; sourceTree = "<group>"; };
		FCC8E0821E95CF8700C302CF /* Info.plist */ = {isa = PBXFileReference; lastKnownFileType = text.plist.xml; path = Info.plist; sourceTree = "<group>"; };
		FCC8E0871E95CF8700C302CF /* JavaPopTests.xctest */ = {isa = PBXFileReference; explicitFileType = wrapper.cfbundle; includeInIndex = 0; path = JavaPopTests.xctest; sourceTree = BUILT_PRODUCTS_DIR; };
		FCC8E08B1E95CF8700C302CF /* JavaPopTests.swift */ = {isa = PBXFileReference; lastKnownFileType = sourcecode.swift; path = JavaPopTests.swift; sourceTree = "<group>"; };
		FCC8E08D1E95CF8700C302CF /* Info.plist */ = {isa = PBXFileReference; lastKnownFileType = text.plist.xml; path = Info.plist; sourceTree = "<group>"; };
		FCC8E0921E95CF8700C302CF /* JavaPopUITests.xctest */ = {isa = PBXFileReference; explicitFileType = wrapper.cfbundle; includeInIndex = 0; path = JavaPopUITests.xctest; sourceTree = BUILT_PRODUCTS_DIR; };
		FCC8E0961E95CF8700C302CF /* JavaPopUITests.swift */ = {isa = PBXFileReference; lastKnownFileType = sourcecode.swift; path = JavaPopUITests.swift; sourceTree = "<group>"; };
		FCC8E0981E95CF8700C302CF /* Info.plist */ = {isa = PBXFileReference; lastKnownFileType = text.plist.xml; path = Info.plist; sourceTree = "<group>"; };
		FCC8E0A41E95D48700C302CF /* JavaPop-Bridging-Header.h */ = {isa = PBXFileReference; lastKnownFileType = sourcecode.c.h; path = "JavaPop-Bridging-Header.h"; sourceTree = "<group>"; };
		FCC8E0A91E95D63B00C302CF /* Repository.swift */ = {isa = PBXFileReference; fileEncoding = 4; lastKnownFileType = sourcecode.swift; path = Repository.swift; sourceTree = "<group>"; };
		FCC8E0AB1E95D74B00C302CF /* Owner.swift */ = {isa = PBXFileReference; fileEncoding = 4; lastKnownFileType = sourcecode.swift; path = Owner.swift; sourceTree = "<group>"; };
		FCC8E0AD1E95DEAF00C302CF /* PullRequest.swift */ = {isa = PBXFileReference; fileEncoding = 4; lastKnownFileType = sourcecode.swift; path = PullRequest.swift; sourceTree = "<group>"; };
/* End PBXFileReference section */

/* Begin PBXFrameworksBuildPhase section */
		FCC8E0701E95CF8700C302CF /* Frameworks */ = {
			isa = PBXFrameworksBuildPhase;
			buildActionMask = 2147483647;
			files = (
				085C0C4EAFC03537F2DCAD5C /* Pods_JavaPop.framework in Frameworks */,
			);
			runOnlyForDeploymentPostprocessing = 0;
		};
		FCC8E0841E95CF8700C302CF /* Frameworks */ = {
			isa = PBXFrameworksBuildPhase;
			buildActionMask = 2147483647;
			files = (
				E373B10940E1F581CFB65652 /* Pods_JavaPopTests.framework in Frameworks */,
			);
			runOnlyForDeploymentPostprocessing = 0;
		};
		FCC8E08F1E95CF8700C302CF /* Frameworks */ = {
			isa = PBXFrameworksBuildPhase;
			buildActionMask = 2147483647;
			files = (
				E1FCDCD98F3DFFF14A292CA1 /* Pods_JavaPopUITests.framework in Frameworks */,
			);
			runOnlyForDeploymentPostprocessing = 0;
		};
/* End PBXFrameworksBuildPhase section */

/* Begin PBXGroup section */
		21C67A74C27A96C811222756 /* Frameworks */ = {
			isa = PBXGroup;
			children = (
				AAFBB3BFBDD3847B6E4632A8 /* Pods_JavaPop.framework */,
				00E1C4B77E57745CCA3D11F6 /* Pods_JavaPopTests.framework */,
				707FBD600E8595CF9F837917 /* Pods_JavaPopUITests.framework */,
			);
			name = Frameworks;
			sourceTree = "<group>";
		};
		E24EDDEDE9A7A6362F55866F /* Pods */ = {
			isa = PBXGroup;
			children = (
				C45DCA6D652641871C06B15D /* Pods-JavaPop.debug.xcconfig */,
				D1C390663E036D0DD443340D /* Pods-JavaPop.release.xcconfig */,
				8916DE24C835897EF719DAD7 /* Pods-JavaPopTests.debug.xcconfig */,
				72BBE7CC8C8801ECBCD55A93 /* Pods-JavaPopTests.release.xcconfig */,
				D0FF391F62068FC8BC8F59D5 /* Pods-JavaPopUITests.debug.xcconfig */,
				448946DB18C90CC5FF1E8623 /* Pods-JavaPopUITests.release.xcconfig */,
			);
			name = Pods;
			sourceTree = "<group>";
		};
		FC1E23781E96BE2700EE61A4 /* Clients */ = {
			isa = PBXGroup;
			children = (
				FC1E23871E96C20B00EE61A4 /* Enums */,
				FC1E23851E96C03300EE61A4 /* BaseClient.swift */,
			);
			path = Clients;
			sourceTree = "<group>";
		};
		FC1E23791E96BE4300EE61A4 /* Controllers */ = {
			isa = PBXGroup;
			children = (
				FC1E237A1E96BE8300EE61A4 /* ViewController.swift */,
			);
			path = Controllers;
			sourceTree = "<group>";
		};
		FC1E23871E96C20B00EE61A4 /* Enums */ = {
			isa = PBXGroup;
			children = (
				FC1E23881E96C22400EE61A4 /* Endpoint.swift */,
			);
			path = Enums;
			sourceTree = "<group>";
		};
		FCC8E06A1E95CF8700C302CF = {
			isa = PBXGroup;
			children = (
				FCC8E0751E95CF8700C302CF /* JavaPop */,
				FCC8E08A1E95CF8700C302CF /* JavaPopTests */,
				FCC8E0951E95CF8700C302CF /* JavaPopUITests */,
				FCC8E0741E95CF8700C302CF /* Products */,
				E24EDDEDE9A7A6362F55866F /* Pods */,
				21C67A74C27A96C811222756 /* Frameworks */,
			);
			sourceTree = "<group>";
		};
		FCC8E0741E95CF8700C302CF /* Products */ = {
			isa = PBXGroup;
			children = (
				FCC8E0731E95CF8700C302CF /* JavaPop.app */,
				FCC8E0871E95CF8700C302CF /* JavaPopTests.xctest */,
				FCC8E0921E95CF8700C302CF /* JavaPopUITests.xctest */,
			);
			name = Products;
			sourceTree = "<group>";
		};
		FCC8E0751E95CF8700C302CF /* JavaPop */ = {
			isa = PBXGroup;
			children = (
				FC1E23791E96BE4300EE61A4 /* Controllers */,
				FC1E23781E96BE2700EE61A4 /* Clients */,
				FCC8E0A81E95D5D600C302CF /* Models */,
				FCC8E0761E95CF8700C302CF /* AppDelegate.swift */,
				FC1E237D1E96BF1500EE61A4 /* LaunchScreen.storyboard */,
				FC1E237F1E96BF1500EE61A4 /* Main.storyboard */,
				FCC8E07D1E95CF8700C302CF /* Assets.xcassets */,
				FCC8E0821E95CF8700C302CF /* Info.plist */,
				FCC8E0A41E95D48700C302CF /* JavaPop-Bridging-Header.h */,
			);
			path = JavaPop;
			sourceTree = "<group>";
		};
		FCC8E08A1E95CF8700C302CF /* JavaPopTests */ = {
			isa = PBXGroup;
			children = (
				FCC8E08B1E95CF8700C302CF /* JavaPopTests.swift */,
				FCC8E08D1E95CF8700C302CF /* Info.plist */,
			);
			path = JavaPopTests;
			sourceTree = "<group>";
		};
		FCC8E0951E95CF8700C302CF /* JavaPopUITests */ = {
			isa = PBXGroup;
			children = (
				FCC8E0961E95CF8700C302CF /* JavaPopUITests.swift */,
				FCC8E0981E95CF8700C302CF /* Info.plist */,
			);
			path = JavaPopUITests;
			sourceTree = "<group>";
		};
		FCC8E0A81E95D5D600C302CF /* Models */ = {
			isa = PBXGroup;
			children = (
				FCC8E0A91E95D63B00C302CF /* Repository.swift */,
				FCC8E0AB1E95D74B00C302CF /* Owner.swift */,
				FCC8E0AD1E95DEAF00C302CF /* PullRequest.swift */,
			);
			path = Models;
			sourceTree = "<group>";
		};
/* End PBXGroup section */

/* Begin PBXNativeTarget section */
		FCC8E0721E95CF8700C302CF /* JavaPop */ = {
			isa = PBXNativeTarget;
			buildConfigurationList = FCC8E09B1E95CF8700C302CF /* Build configuration list for PBXNativeTarget "JavaPop" */;
			buildPhases = (
				B123D27966D2BD141224C134 /* [CP] Check Pods Manifest.lock */,
				FCC8E06F1E95CF8700C302CF /* Sources */,
				FCC8E0701E95CF8700C302CF /* Frameworks */,
				FCC8E0711E95CF8700C302CF /* Resources */,
				340E20C921230F85C85FE4D4 /* [CP] Embed Pods Frameworks */,
				6B4ECA0E07A3E627D946DD28 /* [CP] Copy Pods Resources */,
			);
			buildRules = (
			);
			dependencies = (
			);
			name = JavaPop;
			productName = JavaPop;
			productReference = FCC8E0731E95CF8700C302CF /* JavaPop.app */;
			productType = "com.apple.product-type.application";
		};
		FCC8E0861E95CF8700C302CF /* JavaPopTests */ = {
			isa = PBXNativeTarget;
			buildConfigurationList = FCC8E09E1E95CF8700C302CF /* Build configuration list for PBXNativeTarget "JavaPopTests" */;
			buildPhases = (
				C5B288998FDD210BE2E5EC72 /* [CP] Check Pods Manifest.lock */,
				FCC8E0831E95CF8700C302CF /* Sources */,
				FCC8E0841E95CF8700C302CF /* Frameworks */,
				FCC8E0851E95CF8700C302CF /* Resources */,
				2C4F951D409C154E69232B8E /* [CP] Embed Pods Frameworks */,
				786C2729BBF43B56DBCEE993 /* [CP] Copy Pods Resources */,
			);
			buildRules = (
			);
			dependencies = (
				FCC8E0891E95CF8700C302CF /* PBXTargetDependency */,
			);
			name = JavaPopTests;
			productName = JavaPopTests;
			productReference = FCC8E0871E95CF8700C302CF /* JavaPopTests.xctest */;
			productType = "com.apple.product-type.bundle.unit-test";
		};
		FCC8E0911E95CF8700C302CF /* JavaPopUITests */ = {
			isa = PBXNativeTarget;
			buildConfigurationList = FCC8E0A11E95CF8700C302CF /* Build configuration list for PBXNativeTarget "JavaPopUITests" */;
			buildPhases = (
				5358266BAF106DC87326AF4D /* [CP] Check Pods Manifest.lock */,
				FCC8E08E1E95CF8700C302CF /* Sources */,
				FCC8E08F1E95CF8700C302CF /* Frameworks */,
				FCC8E0901E95CF8700C302CF /* Resources */,
				FED26D839D7C4936CD38DBC7 /* [CP] Embed Pods Frameworks */,
				F10E7689FCB5D514D1CF07E1 /* [CP] Copy Pods Resources */,
			);
			buildRules = (
			);
			dependencies = (
				FCC8E0941E95CF8700C302CF /* PBXTargetDependency */,
			);
			name = JavaPopUITests;
			productName = JavaPopUITests;
			productReference = FCC8E0921E95CF8700C302CF /* JavaPopUITests.xctest */;
			productType = "com.apple.product-type.bundle.ui-testing";
		};
/* End PBXNativeTarget section */

/* Begin PBXProject section */
		FCC8E06B1E95CF8700C302CF /* Project object */ = {
			isa = PBXProject;
			attributes = {
				LastSwiftUpdateCheck = 0820;
				LastUpgradeCheck = 0820;
				ORGANIZATIONNAME = "Caio Tests";
				TargetAttributes = {
					FCC8E0721E95CF8700C302CF = {
						CreatedOnToolsVersion = 8.2.1;
						LastSwiftMigration = 0820;
						ProvisioningStyle = Automatic;
					};
					FCC8E0861E95CF8700C302CF = {
						CreatedOnToolsVersion = 8.2.1;
						ProvisioningStyle = Automatic;
						TestTargetID = FCC8E0721E95CF8700C302CF;
					};
					FCC8E0911E95CF8700C302CF = {
						CreatedOnToolsVersion = 8.2.1;
						ProvisioningStyle = Automatic;
						TestTargetID = FCC8E0721E95CF8700C302CF;
					};
				};
			};
			buildConfigurationList = FCC8E06E1E95CF8700C302CF /* Build configuration list for PBXProject "JavaPop" */;
			compatibilityVersion = "Xcode 3.2";
			developmentRegion = English;
			hasScannedForEncodings = 0;
			knownRegions = (
				en,
				Base,
			);
			mainGroup = FCC8E06A1E95CF8700C302CF;
			productRefGroup = FCC8E0741E95CF8700C302CF /* Products */;
			projectDirPath = "";
			projectRoot = "";
			targets = (
				FCC8E0721E95CF8700C302CF /* JavaPop */,
				FCC8E0861E95CF8700C302CF /* JavaPopTests */,
				FCC8E0911E95CF8700C302CF /* JavaPopUITests */,
			);
		};
/* End PBXProject section */

/* Begin PBXResourcesBuildPhase section */
		FCC8E0711E95CF8700C302CF /* Resources */ = {
			isa = PBXResourcesBuildPhase;
			buildActionMask = 2147483647;
			files = (
				FC1E23821E96BF1500EE61A4 /* Main.storyboard in Resources */,
				FCC8E07E1E95CF8700C302CF /* Assets.xcassets in Resources */,
				FC1E23811E96BF1500EE61A4 /* LaunchScreen.storyboard in Resources */,
			);
			runOnlyForDeploymentPostprocessing = 0;
		};
		FCC8E0851E95CF8700C302CF /* Resources */ = {
			isa = PBXResourcesBuildPhase;
			buildActionMask = 2147483647;
			files = (
			);
			runOnlyForDeploymentPostprocessing = 0;
		};
		FCC8E0901E95CF8700C302CF /* Resources */ = {
			isa = PBXResourcesBuildPhase;
			buildActionMask = 2147483647;
			files = (
			);
			runOnlyForDeploymentPostprocessing = 0;
		};
/* End PBXResourcesBuildPhase section */

/* Begin PBXShellScriptBuildPhase section */
		2C4F951D409C154E69232B8E /* [CP] Embed Pods Frameworks */ = {
			isa = PBXShellScriptBuildPhase;
			buildActionMask = 2147483647;
			files = (
			);
			inputPaths = (
			);
			name = "[CP] Embed Pods Frameworks";
			outputPaths = (
			);
			runOnlyForDeploymentPostprocessing = 0;
			shellPath = /bin/sh;
			shellScript = "\"${SRCROOT}/Pods/Target Support Files/Pods-JavaPopTests/Pods-JavaPopTests-frameworks.sh\"\n";
			showEnvVarsInLog = 0;
		};
		340E20C921230F85C85FE4D4 /* [CP] Embed Pods Frameworks */ = {
			isa = PBXShellScriptBuildPhase;
			buildActionMask = 2147483647;
			files = (
			);
			inputPaths = (
			);
			name = "[CP] Embed Pods Frameworks";
			outputPaths = (
			);
			runOnlyForDeploymentPostprocessing = 0;
			shellPath = /bin/sh;
			shellScript = "\"${SRCROOT}/Pods/Target Support Files/Pods-JavaPop/Pods-JavaPop-frameworks.sh\"\n";
			showEnvVarsInLog = 0;
		};
		5358266BAF106DC87326AF4D /* [CP] Check Pods Manifest.lock */ = {
			isa = PBXShellScriptBuildPhase;
			buildActionMask = 2147483647;
			files = (
			);
			inputPaths = (
			);
			name = "[CP] Check Pods Manifest.lock";
			outputPaths = (
			);
			runOnlyForDeploymentPostprocessing = 0;
			shellPath = /bin/sh;
			shellScript = "diff \"${PODS_ROOT}/../Podfile.lock\" \"${PODS_ROOT}/Manifest.lock\" > /dev/null\nif [ $? != 0 ] ; then\n    # print error to STDERR\n    echo \"error: The sandbox is not in sync with the Podfile.lock. Run 'pod install' or update your CocoaPods installation.\" >&2\n    exit 1\nfi\n";
			showEnvVarsInLog = 0;
		};
		6B4ECA0E07A3E627D946DD28 /* [CP] Copy Pods Resources */ = {
			isa = PBXShellScriptBuildPhase;
			buildActionMask = 2147483647;
			files = (
			);
			inputPaths = (
			);
			name = "[CP] Copy Pods Resources";
			outputPaths = (
			);
			runOnlyForDeploymentPostprocessing = 0;
			shellPath = /bin/sh;
			shellScript = "\"${SRCROOT}/Pods/Target Support Files/Pods-JavaPop/Pods-JavaPop-resources.sh\"\n";
			showEnvVarsInLog = 0;
		};
		786C2729BBF43B56DBCEE993 /* [CP] Copy Pods Resources */ = {
			isa = PBXShellScriptBuildPhase;
			buildActionMask = 2147483647;
			files = (
			);
			inputPaths = (
			);
			name = "[CP] Copy Pods Resources";
			outputPaths = (
			);
			runOnlyForDeploymentPostprocessing = 0;
			shellPath = /bin/sh;
			shellScript = "\"${SRCROOT}/Pods/Target Support Files/Pods-JavaPopTests/Pods-JavaPopTests-resources.sh\"\n";
			showEnvVarsInLog = 0;
		};
		B123D27966D2BD141224C134 /* [CP] Check Pods Manifest.lock */ = {
			isa = PBXShellScriptBuildPhase;
			buildActionMask = 2147483647;
			files = (
			);
			inputPaths = (
			);
			name = "[CP] Check Pods Manifest.lock";
			outputPaths = (
			);
			runOnlyForDeploymentPostprocessing = 0;
			shellPath = /bin/sh;
			shellScript = "diff \"${PODS_ROOT}/../Podfile.lock\" \"${PODS_ROOT}/Manifest.lock\" > /dev/null\nif [ $? != 0 ] ; then\n    # print error to STDERR\n    echo \"error: The sandbox is not in sync with the Podfile.lock. Run 'pod install' or update your CocoaPods installation.\" >&2\n    exit 1\nfi\n";
			showEnvVarsInLog = 0;
		};
		C5B288998FDD210BE2E5EC72 /* [CP] Check Pods Manifest.lock */ = {
			isa = PBXShellScriptBuildPhase;
			buildActionMask = 2147483647;
			files = (
			);
			inputPaths = (
			);
			name = "[CP] Check Pods Manifest.lock";
			outputPaths = (
			);
			runOnlyForDeploymentPostprocessing = 0;
			shellPath = /bin/sh;
			shellScript = "diff \"${PODS_ROOT}/../Podfile.lock\" \"${PODS_ROOT}/Manifest.lock\" > /dev/null\nif [ $? != 0 ] ; then\n    # print error to STDERR\n    echo \"error: The sandbox is not in sync with the Podfile.lock. Run 'pod install' or update your CocoaPods installation.\" >&2\n    exit 1\nfi\n";
			showEnvVarsInLog = 0;
		};
		F10E7689FCB5D514D1CF07E1 /* [CP] Copy Pods Resources */ = {
			isa = PBXShellScriptBuildPhase;
			buildActionMask = 2147483647;
			files = (
			);
			inputPaths = (
			);
			name = "[CP] Copy Pods Resources";
			outputPaths = (
			);
			runOnlyForDeploymentPostprocessing = 0;
			shellPath = /bin/sh;
			shellScript = "\"${SRCROOT}/Pods/Target Support Files/Pods-JavaPopUITests/Pods-JavaPopUITests-resources.sh\"\n";
			showEnvVarsInLog = 0;
		};
		FED26D839D7C4936CD38DBC7 /* [CP] Embed Pods Frameworks */ = {
			isa = PBXShellScriptBuildPhase;
			buildActionMask = 2147483647;
			files = (
			);
			inputPaths = (
			);
			name = "[CP] Embed Pods Frameworks";
			outputPaths = (
			);
			runOnlyForDeploymentPostprocessing = 0;
			shellPath = /bin/sh;
			shellScript = "\"${SRCROOT}/Pods/Target Support Files/Pods-JavaPopUITests/Pods-JavaPopUITests-frameworks.sh\"\n";
			showEnvVarsInLog = 0;
		};
/* End PBXShellScriptBuildPhase section */

/* Begin PBXSourcesBuildPhase section */
		FCC8E06F1E95CF8700C302CF /* Sources */ = {
			isa = PBXSourcesBuildPhase;
			buildActionMask = 2147483647;
			files = (
				FC1E237B1E96BE8300EE61A4 /* ViewController.swift in Sources */,
				FC1E23861E96C03300EE61A4 /* BaseClient.swift in Sources */,
				FCC8E0AC1E95D74B00C302CF /* Owner.swift in Sources */,
				FCC8E0771E95CF8700C302CF /* AppDelegate.swift in Sources */,
				FC1E23891E96C22400EE61A4 /* Endpoint.swift in Sources */,
				FCC8E0AE1E95DEAF00C302CF /* PullRequest.swift in Sources */,
				FCC8E0AA1E95D63B00C302CF /* Repository.swift in Sources */,
			);
			runOnlyForDeploymentPostprocessing = 0;
		};
		FCC8E0831E95CF8700C302CF /* Sources */ = {
			isa = PBXSourcesBuildPhase;
			buildActionMask = 2147483647;
			files = (
				FCC8E08C1E95CF8700C302CF /* JavaPopTests.swift in Sources */,
			);
			runOnlyForDeploymentPostprocessing = 0;
		};
		FCC8E08E1E95CF8700C302CF /* Sources */ = {
			isa = PBXSourcesBuildPhase;
			buildActionMask = 2147483647;
			files = (
				FCC8E0971E95CF8700C302CF /* JavaPopUITests.swift in Sources */,
			);
			runOnlyForDeploymentPostprocessing = 0;
		};
/* End PBXSourcesBuildPhase section */

/* Begin PBXTargetDependency section */
		FCC8E0891E95CF8700C302CF /* PBXTargetDependency */ = {
			isa = PBXTargetDependency;
			target = FCC8E0721E95CF8700C302CF /* JavaPop */;
			targetProxy = FCC8E0881E95CF8700C302CF /* PBXContainerItemProxy */;
		};
		FCC8E0941E95CF8700C302CF /* PBXTargetDependency */ = {
			isa = PBXTargetDependency;
			target = FCC8E0721E95CF8700C302CF /* JavaPop */;
			targetProxy = FCC8E0931E95CF8700C302CF /* PBXContainerItemProxy */;
		};
/* End PBXTargetDependency section */

/* Begin PBXVariantGroup section */
		FC1E237D1E96BF1500EE61A4 /* LaunchScreen.storyboard */ = {
			isa = PBXVariantGroup;
			children = (
				FC1E237E1E96BF1500EE61A4 /* Base */,
			);
			name = LaunchScreen.storyboard;
			sourceTree = "<group>";
		};
		FC1E237F1E96BF1500EE61A4 /* Main.storyboard */ = {
			isa = PBXVariantGroup;
			children = (
				FC1E23801E96BF1500EE61A4 /* Base */,
			);
			name = Main.storyboard;
			sourceTree = "<group>";
		};
/* End PBXVariantGroup section */

/* Begin XCBuildConfiguration section */
		FCC8E0991E95CF8700C302CF /* Debug */ = {
			isa = XCBuildConfiguration;
			buildSettings = {
				ALWAYS_SEARCH_USER_PATHS = NO;
				CLANG_ANALYZER_NONNULL = YES;
				CLANG_CXX_LANGUAGE_STANDARD = "gnu++0x";
				CLANG_CXX_LIBRARY = "libc++";
				CLANG_ENABLE_MODULES = YES;
				CLANG_ENABLE_OBJC_ARC = YES;
				CLANG_WARN_BOOL_CONVERSION = YES;
				CLANG_WARN_CONSTANT_CONVERSION = YES;
				CLANG_WARN_DIRECT_OBJC_ISA_USAGE = YES_ERROR;
				CLANG_WARN_DOCUMENTATION_COMMENTS = YES;
				CLANG_WARN_EMPTY_BODY = YES;
				CLANG_WARN_ENUM_CONVERSION = YES;
				CLANG_WARN_INFINITE_RECURSION = YES;
				CLANG_WARN_INT_CONVERSION = YES;
				CLANG_WARN_OBJC_ROOT_CLASS = YES_ERROR;
				CLANG_WARN_SUSPICIOUS_MOVE = YES;
				CLANG_WARN_UNREACHABLE_CODE = YES;
				CLANG_WARN__DUPLICATE_METHOD_MATCH = YES;
				"CODE_SIGN_IDENTITY[sdk=iphoneos*]" = "iPhone Developer";
				COPY_PHASE_STRIP = NO;
				DEBUG_INFORMATION_FORMAT = dwarf;
				ENABLE_STRICT_OBJC_MSGSEND = YES;
				ENABLE_TESTABILITY = YES;
				GCC_C_LANGUAGE_STANDARD = gnu99;
				GCC_DYNAMIC_NO_PIC = NO;
				GCC_NO_COMMON_BLOCKS = YES;
				GCC_OPTIMIZATION_LEVEL = 0;
				GCC_PREPROCESSOR_DEFINITIONS = (
					"DEBUG=1",
					"$(inherited)",
				);
				GCC_WARN_64_TO_32_BIT_CONVERSION = YES;
				GCC_WARN_ABOUT_RETURN_TYPE = YES_ERROR;
				GCC_WARN_UNDECLARED_SELECTOR = YES;
				GCC_WARN_UNINITIALIZED_AUTOS = YES_AGGRESSIVE;
				GCC_WARN_UNUSED_FUNCTION = YES;
				GCC_WARN_UNUSED_VARIABLE = YES;
				IPHONEOS_DEPLOYMENT_TARGET = 10.2;
				MTL_ENABLE_DEBUG_INFO = YES;
				ONLY_ACTIVE_ARCH = YES;
				SDKROOT = iphoneos;
				SWIFT_ACTIVE_COMPILATION_CONDITIONS = DEBUG;
				SWIFT_OPTIMIZATION_LEVEL = "-Onone";
				TARGETED_DEVICE_FAMILY = "1,2";
			};
			name = Debug;
		};
		FCC8E09A1E95CF8700C302CF /* Release */ = {
			isa = XCBuildConfiguration;
			buildSettings = {
				ALWAYS_SEARCH_USER_PATHS = NO;
				CLANG_ANALYZER_NONNULL = YES;
				CLANG_CXX_LANGUAGE_STANDARD = "gnu++0x";
				CLANG_CXX_LIBRARY = "libc++";
				CLANG_ENABLE_MODULES = YES;
				CLANG_ENABLE_OBJC_ARC = YES;
				CLANG_WARN_BOOL_CONVERSION = YES;
				CLANG_WARN_CONSTANT_CONVERSION = YES;
				CLANG_WARN_DIRECT_OBJC_ISA_USAGE = YES_ERROR;
				CLANG_WARN_DOCUMENTATION_COMMENTS = YES;
				CLANG_WARN_EMPTY_BODY = YES;
				CLANG_WARN_ENUM_CONVERSION = YES;
				CLANG_WARN_INFINITE_RECURSION = YES;
				CLANG_WARN_INT_CONVERSION = YES;
				CLANG_WARN_OBJC_ROOT_CLASS = YES_ERROR;
				CLANG_WARN_SUSPICIOUS_MOVE = YES;
				CLANG_WARN_UNREACHABLE_CODE = YES;
				CLANG_WARN__DUPLICATE_METHOD_MATCH = YES;
				"CODE_SIGN_IDENTITY[sdk=iphoneos*]" = "iPhone Developer";
				COPY_PHASE_STRIP = NO;
				DEBUG_INFORMATION_FORMAT = "dwarf-with-dsym";
				ENABLE_NS_ASSERTIONS = NO;
				ENABLE_STRICT_OBJC_MSGSEND = YES;
				GCC_C_LANGUAGE_STANDARD = gnu99;
				GCC_NO_COMMON_BLOCKS = YES;
				GCC_WARN_64_TO_32_BIT_CONVERSION = YES;
				GCC_WARN_ABOUT_RETURN_TYPE = YES_ERROR;
				GCC_WARN_UNDECLARED_SELECTOR = YES;
				GCC_WARN_UNINITIALIZED_AUTOS = YES_AGGRESSIVE;
				GCC_WARN_UNUSED_FUNCTION = YES;
				GCC_WARN_UNUSED_VARIABLE = YES;
				IPHONEOS_DEPLOYMENT_TARGET = 10.2;
				MTL_ENABLE_DEBUG_INFO = NO;
				SDKROOT = iphoneos;
				SWIFT_OPTIMIZATION_LEVEL = "-Owholemodule";
				TARGETED_DEVICE_FAMILY = "1,2";
				VALIDATE_PRODUCT = YES;
			};
			name = Release;
		};
		FCC8E09C1E95CF8700C302CF /* Debug */ = {
			isa = XCBuildConfiguration;
			baseConfigurationReference = C45DCA6D652641871C06B15D /* Pods-JavaPop.debug.xcconfig */;
			buildSettings = {
				ASSETCATALOG_COMPILER_APPICON_NAME = AppIcon;
				CLANG_ENABLE_MODULES = YES;
				INFOPLIST_FILE = JavaPop/Info.plist;
				IPHONEOS_DEPLOYMENT_TARGET = 8.0;
				LD_RUNPATH_SEARCH_PATHS = "$(inherited) @executable_path/Frameworks";
				PRODUCT_BUNDLE_IDENTIFIER = br.com.caio.JavaPop;
				PRODUCT_NAME = "$(TARGET_NAME)";
				SWIFT_OBJC_BRIDGING_HEADER = "JavaPop/JavaPop-Bridging-Header.h";
				SWIFT_OPTIMIZATION_LEVEL = "-Onone";
				SWIFT_VERSION = 3.0;
			};
			name = Debug;
		};
		FCC8E09D1E95CF8700C302CF /* Release */ = {
			isa = XCBuildConfiguration;
			baseConfigurationReference = D1C390663E036D0DD443340D /* Pods-JavaPop.release.xcconfig */;
			buildSettings = {
				ASSETCATALOG_COMPILER_APPICON_NAME = AppIcon;
				CLANG_ENABLE_MODULES = YES;
				INFOPLIST_FILE = JavaPop/Info.plist;
				IPHONEOS_DEPLOYMENT_TARGET = 8.0;
				LD_RUNPATH_SEARCH_PATHS = "$(inherited) @executable_path/Frameworks";
				PRODUCT_BUNDLE_IDENTIFIER = br.com.caio.JavaPop;
				PRODUCT_NAME = "$(TARGET_NAME)";
				SWIFT_OBJC_BRIDGING_HEADER = "JavaPop/JavaPop-Bridging-Header.h";
				SWIFT_VERSION = 3.0;
			};
			name = Release;
		};
		FCC8E09F1E95CF8700C302CF /* Debug */ = {
			isa = XCBuildConfiguration;
			baseConfigurationReference = 8916DE24C835897EF719DAD7 /* Pods-JavaPopTests.debug.xcconfig */;
			buildSettings = {
				ALWAYS_EMBED_SWIFT_STANDARD_LIBRARIES = YES;
				BUNDLE_LOADER = "$(TEST_HOST)";
				INFOPLIST_FILE = JavaPopTests/Info.plist;
				LD_RUNPATH_SEARCH_PATHS = "$(inherited) @executable_path/Frameworks @loader_path/Frameworks";
				PRODUCT_BUNDLE_IDENTIFIER = br.com.caio.JavaPopTests;
				PRODUCT_NAME = "$(TARGET_NAME)";
				SWIFT_VERSION = 3.0;
				TEST_HOST = "$(BUILT_PRODUCTS_DIR)/JavaPop.app/JavaPop";
			};
			name = Debug;
		};
		FCC8E0A01E95CF8700C302CF /* Release */ = {
			isa = XCBuildConfiguration;
			baseConfigurationReference = 72BBE7CC8C8801ECBCD55A93 /* Pods-JavaPopTests.release.xcconfig */;
			buildSettings = {
				ALWAYS_EMBED_SWIFT_STANDARD_LIBRARIES = YES;
				BUNDLE_LOADER = "$(TEST_HOST)";
				INFOPLIST_FILE = JavaPopTests/Info.plist;
				LD_RUNPATH_SEARCH_PATHS = "$(inherited) @executable_path/Frameworks @loader_path/Frameworks";
				PRODUCT_BUNDLE_IDENTIFIER = br.com.caio.JavaPopTests;
				PRODUCT_NAME = "$(TARGET_NAME)";
				SWIFT_VERSION = 3.0;
				TEST_HOST = "$(BUILT_PRODUCTS_DIR)/JavaPop.app/JavaPop";
			};
			name = Release;
		};
		FCC8E0A21E95CF8700C302CF /* Debug */ = {
			isa = XCBuildConfiguration;
			baseConfigurationReference = D0FF391F62068FC8BC8F59D5 /* Pods-JavaPopUITests.debug.xcconfig */;
			buildSettings = {
				ALWAYS_EMBED_SWIFT_STANDARD_LIBRARIES = YES;
				INFOPLIST_FILE = JavaPopUITests/Info.plist;
				LD_RUNPATH_SEARCH_PATHS = "$(inherited) @executable_path/Frameworks @loader_path/Frameworks";
				PRODUCT_BUNDLE_IDENTIFIER = br.com.caio.JavaPopUITests;
				PRODUCT_NAME = "$(TARGET_NAME)";
				SWIFT_VERSION = 3.0;
				TEST_TARGET_NAME = JavaPop;
			};
			name = Debug;
		};
		FCC8E0A31E95CF8700C302CF /* Release */ = {
			isa = XCBuildConfiguration;
			baseConfigurationReference = 448946DB18C90CC5FF1E8623 /* Pods-JavaPopUITests.release.xcconfig */;
			buildSettings = {
				ALWAYS_EMBED_SWIFT_STANDARD_LIBRARIES = YES;
				INFOPLIST_FILE = JavaPopUITests/Info.plist;
				LD_RUNPATH_SEARCH_PATHS = "$(inherited) @executable_path/Frameworks @loader_path/Frameworks";
				PRODUCT_BUNDLE_IDENTIFIER = br.com.caio.JavaPopUITests;
				PRODUCT_NAME = "$(TARGET_NAME)";
				SWIFT_VERSION = 3.0;
				TEST_TARGET_NAME = JavaPop;
			};
			name = Release;
		};
/* End XCBuildConfiguration section */

/* Begin XCConfigurationList section */
		FCC8E06E1E95CF8700C302CF /* Build configuration list for PBXProject "JavaPop" */ = {
			isa = XCConfigurationList;
			buildConfigurations = (
				FCC8E0991E95CF8700C302CF /* Debug */,
				FCC8E09A1E95CF8700C302CF /* Release */,
			);
			defaultConfigurationIsVisible = 0;
			defaultConfigurationName = Release;
		};
		FCC8E09B1E95CF8700C302CF /* Build configuration list for PBXNativeTarget "JavaPop" */ = {
			isa = XCConfigurationList;
			buildConfigurations = (
				FCC8E09C1E95CF8700C302CF /* Debug */,
				FCC8E09D1E95CF8700C302CF /* Release */,
			);
			defaultConfigurationIsVisible = 0;
			defaultConfigurationName = Release;
		};
		FCC8E09E1E95CF8700C302CF /* Build configuration list for PBXNativeTarget "JavaPopTests" */ = {
			isa = XCConfigurationList;
			buildConfigurations = (
				FCC8E09F1E95CF8700C302CF /* Debug */,
				FCC8E0A01E95CF8700C302CF /* Release */,
			);
			defaultConfigurationIsVisible = 0;
			defaultConfigurationName = Release;
		};
		FCC8E0A11E95CF8700C302CF /* Build configuration list for PBXNativeTarget "JavaPopUITests" */ = {
			isa = XCConfigurationList;
			buildConfigurations = (
				FCC8E0A21E95CF8700C302CF /* Debug */,
				FCC8E0A31E95CF8700C302CF /* Release */,
			);
			defaultConfigurationIsVisible = 0;
			defaultConfigurationName = Release;
		};
/* End XCConfigurationList section */
	};
	rootObject = FCC8E06B1E95CF8700C302CF /* Project object */;
}
